schema: '2.0'
stages:
  train:
    cmd: python -m src.train
    deps:
    - path: data/doccano_annotated.jsonl
      hash: md5
      md5: 4f343a7167f51504746c859fe2cd4a11
      size: 237563
    - path: src/train.py
      hash: md5
      md5: 28314310a354922c247285189e191b41
      size: 3604
    outs:
    - path: logs
      hash: md5
      md5: bbe827f5e71b24883bdf0dd864599455.dir
      size: 1306998886
      nfiles: 4
